
Microsoft Visual Studio Solution File, Format Version 12.00
# Visual Studio Version 16
VisualStudioVersion = 16.0.35931.194
MinimumVisualStudioVersion = 10.0.40219.1
Project("{FAE04EC0-301F-11D3-BF4B-00C04F79EFBC}") = "ConsoleApp4", "ConsoleApp4\ConsoleApp4.csproj", "{7FBA4F14-6775-4529-8AB0-D992A605D62F}"
EndProject
Global
	GlobalSection(SolutionConfigurationPlatforms) = preSolution
		Debug|Any CPU = Debug|Any CPU
		Release|Any CPU = Release|Any CPU
	EndGlobalSection
	GlobalSection(ProjectConfigurationPlatforms) = postSolution
		{7FBA4F14-6775-4529-8AB0-D992A605D62F}.Debug|Any CPU.ActiveCfg = Debug|Any CPU
		{7FBA4F14-6775-4529-8AB0-D992A605D62F}.Debug|Any CPU.Build.0 = Debug|Any CPU
		{7FBA4F14-6775-4529-8AB0-D992A605D62F}.Release|Any CPU.ActiveCfg = Release|Any CPU
		{7FBA4F14-6775-4529-8AB0-D992A605D62F}.Release|Any CPU.Build.0 = Release|Any CPU
	EndGlobalSection
	GlobalSection(SolutionProperties) = preSolution
		HideSolutionNode = FALSE
	EndGlobalSection
	GlobalSection(ExtensibilityGlobals) = postSolution
		SolutionGuid = {AD6E3599-5532-4CEE-BAFD-E99AC4F933FD}
	EndGlobalSection
EndGlobal
